<?xml version="1.0" encoding="UTF-8" standalone="yes" ?>
<CodeBlocks_project_file>
	<FileVersion major="1" minor="6" />
	<Project>
		<Option title="ABM_PARCIAL1" />
		<Option pch_mode="2" />
		<Option compiler="gcc" />
		<Build>
			<Target title="Debug">
				<Option output="bin/Debug/ABM_PARCIAL1" prefix_auto="1" extension_auto="1" />
				<Option object_output="obj/Debug/" />
				<Option type="1" />
				<Option compiler="gcc" />
				<Compiler>
					<Add option="-g" />
				</Compiler>
			</Target>
			<Target title="Release">
				<Option output="bin/Release/ABM_PARCIAL1" prefix_auto="1" extension_auto="1" />
				<Option object_output="obj/Release/" />
				<Option type="1" />
				<Option compiler="gcc" />
				<Compiler>
					<Add option="-O2" />
				</Compiler>
				<Linker>
					<Add option="-s" />
				</Linker>
			</Target>
		</Build>
		<Compiler>
			<Add option="-Wall" />
		</Compiler>
		<Unit filename="Insaurralde.Barbara.1G.Informes.c">
			<Option compilerVar="CC" />
		</Unit>
		<Unit filename="Insaurralde.Barbara.1G.Informes.h" />
		<Unit filename="Insaurralde.Barbara.Alquileres.c">
			<Option compilerVar="CC" />
		</Unit>
		<Unit filename="Insaurralde.Barbara.Alquileres.h" />
		<Unit filename="Insaurralde.Barbara.Clientes.c">
			<Option compilerVar="CC" />
		</Unit>
		<Unit filename="Insaurralde.Barbara.Clientes.h" />
		<Unit filename="Insaurralde.Barbara.Juegos.c">
			<Option compilerVar="CC" />
		</Unit>
		<Unit filename="Insaurralde.Barbara.Juegos.h" />
		<Unit filename="Insaurralde.Barbara.Validaciones.c">
			<Option compilerVar="CC" />
		</Unit>
		<Unit filename="Insaurralde.Barbara.Validaciones.h" />
		<Unit filename="main.c">
			<Option compilerVar="CC" />
		</Unit>
		<Unit filename="marca.c">
			<Option compilerVar="CC" />
		</Unit>
		<Unit filename="marca.h" />
		<Extensions>
			<code_completion />
			<envvars />
			<debugger />
			<lib_finder disable_auto="1" />
		</Extensions>
	</Project>
</CodeBlocks_project_file>
